
Microsoft Visual Studio Solution File, Format Version 12.00
# Visual Studio Version 17
VisualStudioVersion = 17.4.33213.308
MinimumVisualStudioVersion = 10.0.40219.1
Project("{FAE04EC0-301F-11D3-BF4B-00C04F79EFBC}") = "Test", "Test\Test.csproj", "{6A987A3F-885C-490C-9E6F-E501E1E9444B}"
EndProject
Global
	GlobalSection(SolutionConfigurationPlatforms) = preSolution
		Debug|Any CPU = Debug|Any CPU
		Release|Any CPU = Release|Any CPU
	EndGlobalSection
	GlobalSection(ProjectConfigurationPlatforms) = postSolution
		{6A987A3F-885C-490C-9E6F-E501E1E9444B}.Debug|Any CPU.ActiveCfg = Debug|Any CPU
		{6A987A3F-885C-490C-9E6F-E501E1E9444B}.Debug|Any CPU.Build.0 = Debug|Any CPU
		{6A987A3F-885C-490C-9E6F-E501E1E9444B}.Release|Any CPU.ActiveCfg = Release|Any CPU
		{6A987A3F-885C-490C-9E6F-E501E1E9444B}.Release|Any CPU.Build.0 = Release|Any CPU
	EndGlobalSection
	GlobalSection(SolutionProperties) = preSolution
		HideSolutionNode = FALSE
	EndGlobalSection
	GlobalSection(ExtensibilityGlobals) = postSolution
		SolutionGuid = {883265CB-E130-46D8-847C-1F692F24A60B}
	EndGlobalSection
EndGlobal
